k8s.io/api v0.0.0-20190313235455-40a48860b5ab h1:DG9A67baNpoeweOy2spF1OWHhnVY5KR7/Ek/+U1lVZc=
k8s.io/api v0.0.0-20190313235455-40a48860b5ab/go.mod h1:iuAfoD4hCxJ8Onx9kaTIt30j7jUFS00AXQi6QMi99vA=
k8s.io/apimachinery v0.0.0-20190313205120-d7deff9243b1 h1:IS7K02iBkQXpCeieSiyJjGoLSdVOv2DbPaWHJ+ZtgKg=
k8s.io/apimachinery v0.0.0-20190313205120-d7deff9243b1/go.mod h1:ccL7Eh7zubPUSh9A3USN90/OzHNSVN6zxzde07TDCL0=
k8s.io/apimachinery v0.0.0-20190806215851-162a2dabc72f h1:AMgWgCgCg340fSnKX3DiE5bTAWKMT7WzBxA23r863nw=
k8s.io/client-go v11.0.0+incompatible h1:LBbX2+lOwY9flffWlJM7f1Ct8V2SRNiMRDFeiwnJo9o=
k8s.io/client-go v11.0.0+incompatible/go.mod h1:7vJpHMYJwNQCWgzmNV+VYUl1zCObLyodBc8nIyt8L5s=
